
Microsoft Visual Studio Solution File, Format Version 12.00
# Visual Studio Version 16
VisualStudioVersion = 16.0.31025.194
MinimumVisualStudioVersion = 10.0.40219.1
Project("{FAE04EC0-301F-11D3-BF4B-00C04F79EFBC}") = "NT_Security.1", "NT_Security.1\NT_Security.1.csproj", "{015FD514-533E-429A-B72F-969AE3C0DA6E}"
EndProject
Global
	GlobalSection(SolutionConfigurationPlatforms) = preSolution
		Debug|Any CPU = Debug|Any CPU
		Release|Any CPU = Release|Any CPU
	EndGlobalSection
	GlobalSection(ProjectConfigurationPlatforms) = postSolution
		{015FD514-533E-429A-B72F-969AE3C0DA6E}.Debug|Any CPU.ActiveCfg = Debug|Any CPU
		{015FD514-533E-429A-B72F-969AE3C0DA6E}.Debug|Any CPU.Build.0 = Debug|Any CPU
		{015FD514-533E-429A-B72F-969AE3C0DA6E}.Release|Any CPU.ActiveCfg = Release|Any CPU
		{015FD514-533E-429A-B72F-969AE3C0DA6E}.Release|Any CPU.Build.0 = Release|Any CPU
	EndGlobalSection
	GlobalSection(SolutionProperties) = preSolution
		HideSolutionNode = FALSE
	EndGlobalSection
	GlobalSection(ExtensibilityGlobals) = postSolution
		SolutionGuid = {2112BEF8-059D-44A6-B94C-3B49375461C5}
	EndGlobalSection
EndGlobal
